
Microsoft Visual Studio Solution File, Format Version 12.00
# Visual Studio Version 17
VisualStudioVersion = 17.1.32319.34
MinimumVisualStudioVersion = 10.0.40219.1
Project("{FAE04EC0-301F-11D3-BF4B-00C04F79EFBC}") = "BabiesFirstCloud", "BabiesFirstCloud\BabiesFirstCloud.csproj", "{DEE42817-BDB5-4633-BDBC-536D75E2D2C9}"
EndProject
Global
	GlobalSection(SolutionConfigurationPlatforms) = preSolution
		Debug|Any CPU = Debug|Any CPU
		Release|Any CPU = Release|Any CPU
	EndGlobalSection
	GlobalSection(ProjectConfigurationPlatforms) = postSolution
		{DEE42817-BDB5-4633-BDBC-536D75E2D2C9}.Debug|Any CPU.ActiveCfg = Debug|Any CPU
		{DEE42817-BDB5-4633-BDBC-536D75E2D2C9}.Debug|Any CPU.Build.0 = Debug|Any CPU
		{DEE42817-BDB5-4633-BDBC-536D75E2D2C9}.Release|Any CPU.ActiveCfg = Release|Any CPU
		{DEE42817-BDB5-4633-BDBC-536D75E2D2C9}.Release|Any CPU.Build.0 = Release|Any CPU
	EndGlobalSection
	GlobalSection(SolutionProperties) = preSolution
		HideSolutionNode = FALSE
	EndGlobalSection
	GlobalSection(ExtensibilityGlobals) = postSolution
		SolutionGuid = {78E6DE4A-75F5-4FB9-8745-F6FFB040F810}
	EndGlobalSection
EndGlobal
